
Microsoft Visual Studio Solution File, Format Version 12.00
# Visual Studio Version 17
VisualStudioVersion = 17.5.002.0
MinimumVisualStudioVersion = 10.0.40219.1
Project("{9A19103F-16F7-4668-BE54-9A1E7A4F7556}") = "Proyecto 2", "Proyecto 2.csproj", "{41ECE5A1-AB7D-4D30-BB41-2EA35D587102}"
EndProject
Global
	GlobalSection(SolutionConfigurationPlatforms) = preSolution
		Debug|Any CPU = Debug|Any CPU
		Release|Any CPU = Release|Any CPU
	EndGlobalSection
	GlobalSection(ProjectConfigurationPlatforms) = postSolution
		{41ECE5A1-AB7D-4D30-BB41-2EA35D587102}.Debug|Any CPU.ActiveCfg = Debug|Any CPU
		{41ECE5A1-AB7D-4D30-BB41-2EA35D587102}.Debug|Any CPU.Build.0 = Debug|Any CPU
		{41ECE5A1-AB7D-4D30-BB41-2EA35D587102}.Release|Any CPU.ActiveCfg = Release|Any CPU
		{41ECE5A1-AB7D-4D30-BB41-2EA35D587102}.Release|Any CPU.Build.0 = Release|Any CPU
	EndGlobalSection
	GlobalSection(SolutionProperties) = preSolution
		HideSolutionNode = FALSE
	EndGlobalSection
	GlobalSection(ExtensibilityGlobals) = postSolution
		SolutionGuid = {35FD580D-B564-4796-8D9A-EF746FDF53F6}
	EndGlobalSection
EndGlobal
